
Microsoft Visual Studio Solution File, Format Version 12.00
Project("{FAE04EC0-301F-11D3-BF4B-00C04F79EFBC}") = "Vaqueritos", "Vaqueritos\Vaqueritos.csproj", "{FAC1DB1D-DBAD-4BE0-8481-A60AEB9A7A35}"
EndProject
Global
	GlobalSection(SolutionConfigurationPlatforms) = preSolution
		Debug|Any CPU = Debug|Any CPU
		Release|Any CPU = Release|Any CPU
	EndGlobalSection
	GlobalSection(ProjectConfigurationPlatforms) = postSolution
		{FAC1DB1D-DBAD-4BE0-8481-A60AEB9A7A35}.Debug|Any CPU.ActiveCfg = Debug|Any CPU
		{FAC1DB1D-DBAD-4BE0-8481-A60AEB9A7A35}.Debug|Any CPU.Build.0 = Debug|Any CPU
		{FAC1DB1D-DBAD-4BE0-8481-A60AEB9A7A35}.Release|Any CPU.ActiveCfg = Release|Any CPU
		{FAC1DB1D-DBAD-4BE0-8481-A60AEB9A7A35}.Release|Any CPU.Build.0 = Release|Any CPU
	EndGlobalSection
EndGlobal
